# THIS IS AN AUTOGENERATED FILE. DO NOT EDIT THIS FILE DIRECTLY.
# yarn lockfile v1


eslint-config-alloy@^2.0.4:
  version "2.0.4"
  resolved "https://registry.npmjs.org/eslint-config-alloy/-/eslint-config-alloy-2.0.4.tgz#f8dd1f4034a7035ccf5d6d658258fd961389ea0d"
  integrity sha512-IE0/RekhnBfT33XP0OOcJwhfiu1XVRk03++UMCpkp1RzUgo989G9hArWBrkMT+By/DxjBx46WzFObS4k7gYc6A==
